
Microsoft Visual Studio Solution File, Format Version 12.00
# Visual Studio Version 16
VisualStudioVersion = 16.0.29025.244
MinimumVisualStudioVersion = 10.0.40219.1
Project("{FAE04EC0-301F-11D3-BF4B-00C04F79EFBC}") = "navegador", "navegador\navegador.csproj", "{BC8F59D1-3E47-4BAB-9506-6230543FD88F}"
EndProject
Global
	GlobalSection(SolutionConfigurationPlatforms) = preSolution
		Debug|Any CPU = Debug|Any CPU
		Release|Any CPU = Release|Any CPU
	EndGlobalSection
	GlobalSection(ProjectConfigurationPlatforms) = postSolution
		{BC8F59D1-3E47-4BAB-9506-6230543FD88F}.Debug|Any CPU.ActiveCfg = Debug|Any CPU
		{BC8F59D1-3E47-4BAB-9506-6230543FD88F}.Debug|Any CPU.Build.0 = Debug|Any CPU
		{BC8F59D1-3E47-4BAB-9506-6230543FD88F}.Release|Any CPU.ActiveCfg = Release|Any CPU
		{BC8F59D1-3E47-4BAB-9506-6230543FD88F}.Release|Any CPU.Build.0 = Release|Any CPU
	EndGlobalSection
	GlobalSection(SolutionProperties) = preSolution
		HideSolutionNode = FALSE
	EndGlobalSection
	GlobalSection(ExtensibilityGlobals) = postSolution
		SolutionGuid = {D1698A3F-0BC9-460D-BA13-601C063958B7}
	EndGlobalSection
EndGlobal
